{
  "requires": true,
  "lockfileVersion": 1,
  "dependencies": {
    "jscharting": {
      "version": "3.0.1",
      "resolved": "https://registry.npmjs.org/jscharting/-/jscharting-3.0.1.tgz",
      "integrity": "sha512-xArA4qSWyqTsY8+4FxSk97LIdOlVFqX4f/OVboVwWmIWzGMnhGUqWbd8wdrjfOiD8YXVBf6rYV6Nsf/4xIOTvA=="
    }
  }
}
